{
  "name": "@brianthebrain/cli",
  "version": "0.1.1",
  "lockfileVersion": 3,
  "requires": true,
  "packages": {
    "": {
      "name": "@brianthebrain/cli",
      "version": "0.1.1",
      "license": "UNLICENSED",
      "bin": {
        "brian": "src/index.mjs"
      },
      "engines": {
        "node": ">=22"
      }
    }
  }
}
